
Microsoft Visual Studio Solution File, Format Version 12.00
# Visual Studio 14
VisualStudioVersion = 14.0.22013.1
MinimumVisualStudioVersion = 10.0.40219.1
Project("{FAE04EC0-301F-11D3-BF4B-00C04F79EFBC}") = "csharp6demo", "csharp6demo.csproj", "{4DB29445-A25D-488B-B698-D2558BB3297A}"
EndProject
Global
	GlobalSection(SolutionConfigurationPlatforms) = preSolution
		Debug|Any CPU = Debug|Any CPU
		Release|Any CPU = Release|Any CPU
	EndGlobalSection
	GlobalSection(ProjectConfigurationPlatforms) = postSolution
		{4DB29445-A25D-488B-B698-D2558BB3297A}.Debug|Any CPU.ActiveCfg = Debug|Any CPU
		{4DB29445-A25D-488B-B698-D2558BB3297A}.Debug|Any CPU.Build.0 = Debug|Any CPU
		{4DB29445-A25D-488B-B698-D2558BB3297A}.Release|Any CPU.ActiveCfg = Release|Any CPU
		{4DB29445-A25D-488B-B698-D2558BB3297A}.Release|Any CPU.Build.0 = Release|Any CPU
	EndGlobalSection
	GlobalSection(SolutionProperties) = preSolution
		HideSolutionNode = FALSE
	EndGlobalSection
EndGlobal
